
Microsoft Visual Studio Solution File, Format Version 12.00
# Visual Studio Version 17
VisualStudioVersion = 17.0.31611.283
MinimumVisualStudioVersion = 10.0.40219.1
Project("{9A19103F-16F7-4668-BE54-9A1E7A4F7556}") = "AppNumeroDaSorte", "AppNumeroDaSorte\AppNumeroDaSorte.csproj", "{2C0A361A-5452-4881-8ACF-3DA93CBC9FD9}"
EndProject
Project("{2150E333-8FDC-42A3-9474-1A3956D46DE8}") = "App 1", "App 1", "{E3EE8584-B9B6-47A8-B2C3-959FBB28E79D}"
EndProject
Project("{2150E333-8FDC-42A3-9474-1A3956D46DE8}") = "App 2", "App 2", "{7EDD798D-F715-4EBA-BD84-6ABE998614FD}"
EndProject
Project("{9A19103F-16F7-4668-BE54-9A1E7A4F7556}") = "AppMAUIGallery", "AppMAUIGallery\AppMAUIGallery.csproj", "{0FCCBA6D-6A57-4207-9441-014D1A459F9F}"
EndProject
Project("{2150E333-8FDC-42A3-9474-1A3956D46DE8}") = "App 3", "App 3", "{4D10917D-32B1-493A-AF50-17F076A3B700}"
EndProject
Project("{9A19103F-16F7-4668-BE54-9A1E7A4F7556}") = "AppJogoDaForca", "AppJogoDaForca\AppJogoDaForca.csproj", "{13A7934B-4800-40C8-8A72-0B1EC48501D1}"
EndProject
Project("{2150E333-8FDC-42A3-9474-1A3956D46DE8}") = "App 4", "App 4", "{7C2DABDE-4319-4405-88CF-C06786F919D9}"
EndProject
Project("{9A19103F-16F7-4668-BE54-9A1E7A4F7556}") = "AppTask", "AppTask\AppTask.csproj", "{A8F8CB0E-EFC3-4073-9690-5232B240D6BF}"
EndProject
Project("{FAE04EC0-301F-11D3-BF4B-00C04F79EFBC}") = "AppTask.Data", "AppTask.Data\AppTask.Data.csproj", "{19BF51C7-413A-40C9-8EBC-0589831CB1F2}"
EndProject
Project("{FAE04EC0-301F-11D3-BF4B-00C04F79EFBC}") = "AppTask.Database", "AppTask.Database\AppTask.Database.csproj", "{4BEF01A7-23E9-4659-91E2-AC6B0FD783AD}"
EndProject
Project("{FAE04EC0-301F-11D3-BF4B-00C04F79EFBC}") = "AppTask.Database.Migration.Runtime", "AppTask.Database.Migration.Runtime\AppTask.Database.Migration.Runtime.csproj", "{E9AB9C66-78A4-4890-856C-BECB30471E26}"
EndProject
Project("{2150E333-8FDC-42A3-9474-1A3956D46DE8}") = "App 5", "App 5", "{749A4D84-9D67-4D07-873F-51FC4736AD49}"
EndProject
Project("{FAE04EC0-301F-11D3-BF4B-00C04F79EFBC}") = "AppMVVM", "AppMVVM\AppMVVM.csproj", "{4D410EE8-D814-46A0-8CAE-4FBF7803F08A}"
EndProject
Project("{FAE04EC0-301F-11D3-BF4B-00C04F79EFBC}") = "AppMVVMCommunityToolkit", "AppMVVMCommunityToolkit\AppMVVMCommunityToolkit.csproj", "{6ADBEBA7-BCDD-4A5F-96A5-4F9E2754EE74}"
EndProject
Global
	GlobalSection(SolutionConfigurationPlatforms) = preSolution
		Debug|Any CPU = Debug|Any CPU
		Release|Any CPU = Release|Any CPU
	EndGlobalSection
	GlobalSection(ProjectConfigurationPlatforms) = postSolution
		{2C0A361A-5452-4881-8ACF-3DA93CBC9FD9}.Debug|Any CPU.ActiveCfg = Debug|Any CPU
		{2C0A361A-5452-4881-8ACF-3DA93CBC9FD9}.Debug|Any CPU.Build.0 = Debug|Any CPU
		{2C0A361A-5452-4881-8ACF-3DA93CBC9FD9}.Debug|Any CPU.Deploy.0 = Debug|Any CPU
		{2C0A361A-5452-4881-8ACF-3DA93CBC9FD9}.Release|Any CPU.ActiveCfg = Release|Any CPU
		{2C0A361A-5452-4881-8ACF-3DA93CBC9FD9}.Release|Any CPU.Build.0 = Release|Any CPU
		{2C0A361A-5452-4881-8ACF-3DA93CBC9FD9}.Release|Any CPU.Deploy.0 = Release|Any CPU
		{0FCCBA6D-6A57-4207-9441-014D1A459F9F}.Debug|Any CPU.ActiveCfg = Debug|Any CPU
		{0FCCBA6D-6A57-4207-9441-014D1A459F9F}.Debug|Any CPU.Build.0 = Debug|Any CPU
		{0FCCBA6D-6A57-4207-9441-014D1A459F9F}.Debug|Any CPU.Deploy.0 = Debug|Any CPU
		{0FCCBA6D-6A57-4207-9441-014D1A459F9F}.Release|Any CPU.ActiveCfg = Release|Any CPU
		{0FCCBA6D-6A57-4207-9441-014D1A459F9F}.Release|Any CPU.Build.0 = Release|Any CPU
		{0FCCBA6D-6A57-4207-9441-014D1A459F9F}.Release|Any CPU.Deploy.0 = Release|Any CPU
		{13A7934B-4800-40C8-8A72-0B1EC48501D1}.Debug|Any CPU.ActiveCfg = Debug|Any CPU
		{13A7934B-4800-40C8-8A72-0B1EC48501D1}.Debug|Any CPU.Build.0 = Debug|Any CPU
		{13A7934B-4800-40C8-8A72-0B1EC48501D1}.Debug|Any CPU.Deploy.0 = Debug|Any CPU
		{13A7934B-4800-40C8-8A72-0B1EC48501D1}.Release|Any CPU.ActiveCfg = Release|Any CPU
		{13A7934B-4800-40C8-8A72-0B1EC48501D1}.Release|Any CPU.Build.0 = Release|Any CPU
		{13A7934B-4800-40C8-8A72-0B1EC48501D1}.Release|Any CPU.Deploy.0 = Release|Any CPU
		{A8F8CB0E-EFC3-4073-9690-5232B240D6BF}.Debug|Any CPU.ActiveCfg = Debug|Any CPU
		{A8F8CB0E-EFC3-4073-9690-5232B240D6BF}.Debug|Any CPU.Build.0 = Debug|Any CPU
		{A8F8CB0E-EFC3-4073-9690-5232B240D6BF}.Debug|Any CPU.Deploy.0 = Debug|Any CPU
		{A8F8CB0E-EFC3-4073-9690-5232B240D6BF}.Release|Any CPU.ActiveCfg = Release|Any CPU
		{A8F8CB0E-EFC3-4073-9690-5232B240D6BF}.Release|Any CPU.Build.0 = Release|Any CPU
		{A8F8CB0E-EFC3-4073-9690-5232B240D6BF}.Release|Any CPU.Deploy.0 = Release|Any CPU
		{19BF51C7-413A-40C9-8EBC-0589831CB1F2}.Debug|Any CPU.ActiveCfg = Debug|Any CPU
		{19BF51C7-413A-40C9-8EBC-0589831CB1F2}.Debug|Any CPU.Build.0 = Debug|Any CPU
		{19BF51C7-413A-40C9-8EBC-0589831CB1F2}.Release|Any CPU.ActiveCfg = Release|Any CPU
		{19BF51C7-413A-40C9-8EBC-0589831CB1F2}.Release|Any CPU.Build.0 = Release|Any CPU
		{4BEF01A7-23E9-4659-91E2-AC6B0FD783AD}.Debug|Any CPU.ActiveCfg = Debug|Any CPU
		{4BEF01A7-23E9-4659-91E2-AC6B0FD783AD}.Debug|Any CPU.Build.0 = Debug|Any CPU
		{4BEF01A7-23E9-4659-91E2-AC6B0FD783AD}.Release|Any CPU.ActiveCfg = Release|Any CPU
		{4BEF01A7-23E9-4659-91E2-AC6B0FD783AD}.Release|Any CPU.Build.0 = Release|Any CPU
		{E9AB9C66-78A4-4890-856C-BECB30471E26}.Debug|Any CPU.ActiveCfg = Debug|Any CPU
		{E9AB9C66-78A4-4890-856C-BECB30471E26}.Debug|Any CPU.Build.0 = Debug|Any CPU
		{E9AB9C66-78A4-4890-856C-BECB30471E26}.Release|Any CPU.ActiveCfg = Release|Any CPU
		{E9AB9C66-78A4-4890-856C-BECB30471E26}.Release|Any CPU.Build.0 = Release|Any CPU
		{4D410EE8-D814-46A0-8CAE-4FBF7803F08A}.Debug|Any CPU.ActiveCfg = Debug|Any CPU
		{4D410EE8-D814-46A0-8CAE-4FBF7803F08A}.Debug|Any CPU.Build.0 = Debug|Any CPU
		{4D410EE8-D814-46A0-8CAE-4FBF7803F08A}.Debug|Any CPU.Deploy.0 = Debug|Any CPU
		{4D410EE8-D814-46A0-8CAE-4FBF7803F08A}.Release|Any CPU.ActiveCfg = Release|Any CPU
		{4D410EE8-D814-46A0-8CAE-4FBF7803F08A}.Release|Any CPU.Build.0 = Release|Any CPU
		{4D410EE8-D814-46A0-8CAE-4FBF7803F08A}.Release|Any CPU.Deploy.0 = Release|Any CPU
		{6ADBEBA7-BCDD-4A5F-96A5-4F9E2754EE74}.Debug|Any CPU.ActiveCfg = Debug|Any CPU
		{6ADBEBA7-BCDD-4A5F-96A5-4F9E2754EE74}.Debug|Any CPU.Build.0 = Debug|Any CPU
		{6ADBEBA7-BCDD-4A5F-96A5-4F9E2754EE74}.Debug|Any CPU.Deploy.0 = Debug|Any CPU
		{6ADBEBA7-BCDD-4A5F-96A5-4F9E2754EE74}.Release|Any CPU.ActiveCfg = Release|Any CPU
		{6ADBEBA7-BCDD-4A5F-96A5-4F9E2754EE74}.Release|Any CPU.Build.0 = Release|Any CPU
		{6ADBEBA7-BCDD-4A5F-96A5-4F9E2754EE74}.Release|Any CPU.Deploy.0 = Release|Any CPU
	EndGlobalSection
	GlobalSection(SolutionProperties) = preSolution
		HideSolutionNode = FALSE
	EndGlobalSection
	GlobalSection(NestedProjects) = preSolution
		{2C0A361A-5452-4881-8ACF-3DA93CBC9FD9} = {E3EE8584-B9B6-47A8-B2C3-959FBB28E79D}
		{0FCCBA6D-6A57-4207-9441-014D1A459F9F} = {7EDD798D-F715-4EBA-BD84-6ABE998614FD}
		{13A7934B-4800-40C8-8A72-0B1EC48501D1} = {4D10917D-32B1-493A-AF50-17F076A3B700}
		{A8F8CB0E-EFC3-4073-9690-5232B240D6BF} = {7C2DABDE-4319-4405-88CF-C06786F919D9}
		{19BF51C7-413A-40C9-8EBC-0589831CB1F2} = {7C2DABDE-4319-4405-88CF-C06786F919D9}
		{4BEF01A7-23E9-4659-91E2-AC6B0FD783AD} = {7C2DABDE-4319-4405-88CF-C06786F919D9}
		{E9AB9C66-78A4-4890-856C-BECB30471E26} = {7C2DABDE-4319-4405-88CF-C06786F919D9}
		{4D410EE8-D814-46A0-8CAE-4FBF7803F08A} = {749A4D84-9D67-4D07-873F-51FC4736AD49}
		{6ADBEBA7-BCDD-4A5F-96A5-4F9E2754EE74} = {749A4D84-9D67-4D07-873F-51FC4736AD49}
	EndGlobalSection
	GlobalSection(ExtensibilityGlobals) = postSolution
		SolutionGuid = {61F7FB11-1E47-470C-91E2-47F8143E1572}
	EndGlobalSection
EndGlobal
